
Microsoft Visual Studio Solution File, Format Version 12.00
# Visual Studio 15
VisualStudioVersion = 15.0.28307.572
MinimumVisualStudioVersion = 10.0.40219.1
Project("{FAE04EC0-301F-11D3-BF4B-00C04F79EFBC}") = "ServerGameCaro", "ServerGameCaro\ServerGameCaro.csproj", "{FCDDD7D8-2EA7-4BCE-9FC1-0842243120D5}"
EndProject
Global
	GlobalSection(SolutionConfigurationPlatforms) = preSolution
		Debug|Any CPU = Debug|Any CPU
		Release|Any CPU = Release|Any CPU
	EndGlobalSection
	GlobalSection(ProjectConfigurationPlatforms) = postSolution
		{FCDDD7D8-2EA7-4BCE-9FC1-0842243120D5}.Debug|Any CPU.ActiveCfg = Debug|Any CPU
		{FCDDD7D8-2EA7-4BCE-9FC1-0842243120D5}.Debug|Any CPU.Build.0 = Debug|Any CPU
		{FCDDD7D8-2EA7-4BCE-9FC1-0842243120D5}.Release|Any CPU.ActiveCfg = Release|Any CPU
		{FCDDD7D8-2EA7-4BCE-9FC1-0842243120D5}.Release|Any CPU.Build.0 = Release|Any CPU
	EndGlobalSection
	GlobalSection(SolutionProperties) = preSolution
		HideSolutionNode = FALSE
	EndGlobalSection
	GlobalSection(ExtensibilityGlobals) = postSolution
		SolutionGuid = {F275A2D3-0233-443B-8049-F98DD73C6897}
	EndGlobalSection
EndGlobal
